// !$*UTF8*$!
{
	archiveVersion = 1;
	classes = {
	};
	objectVersion = 56;
	objects = {

/* Begin PBXBuildFile section */
		8B4649C82AB1AB520081C7F2 /* DeleteButtonView.swift in Sources */ = {isa = PBXBuildFile; fileRef = 8B4649C72AB1AB520081C7F2 /* DeleteButtonView.swift */; };
		8B4649CA2AB1CB1F0081C7F2 /* AddRecordView.swift in Sources */ = {isa = PBXBuildFile; fileRef = 8B4649C92AB1CB1F0081C7F2 /* AddRecordView.swift */; };
		8B7E7C852AB0945B00E985F0 /* iHabitApp.swift in Sources */ = {isa = PBXBuildFile; fileRef = 8B7E7C842AB0945B00E985F0 /* iHabitApp.swift */; };
		8B7E7C872AB0945B00E985F0 /* ContentView.swift in Sources */ = {isa = PBXBuildFile; fileRef = 8B7E7C862AB0945B00E985F0 /* ContentView.swift */; };
		8B7E7C892AB0945C00E985F0 /* Assets.xcassets in Resources */ = {isa = PBXBuildFile; fileRef = 8B7E7C882AB0945C00E985F0 /* Assets.xcassets */; };
		8B7E7C8C2AB0945C00E985F0 /* Preview Assets.xcassets in Resources */ = {isa = PBXBuildFile; fileRef = 8B7E7C8B2AB0945C00E985F0 /* Preview Assets.xcassets */; };
		8B7E7C942AB094F200E985F0 /* Activity.swift in Sources */ = {isa = PBXBuildFile; fileRef = 8B7E7C932AB094F200E985F0 /* Activity.swift */; };
		8B7E7C962AB095F300E985F0 /* Activities.swift in Sources */ = {isa = PBXBuildFile; fileRef = 8B7E7C952AB095F300E985F0 /* Activities.swift */; };
		8B7E7C982AB0980000E985F0 /* ActivityRecord.swift in Sources */ = {isa = PBXBuildFile; fileRef = 8B7E7C972AB0980000E985F0 /* ActivityRecord.swift */; };
		8B7E7C9B2AB0A2C600E985F0 /* AddActivityView.swift in Sources */ = {isa = PBXBuildFile; fileRef = 8B7E7C9A2AB0A2C600E985F0 /* AddActivityView.swift */; };
		8B7E7C9D2AB0A5A900E985F0 /* ActivitiesListView.swift in Sources */ = {isa = PBXBuildFile; fileRef = 8B7E7C9C2AB0A5A900E985F0 /* ActivitiesListView.swift */; };
		8B7E7C9F2AB0ABB100E985F0 /* ActivityView.swift in Sources */ = {isa = PBXBuildFile; fileRef = 8B7E7C9E2AB0ABB100E985F0 /* ActivityView.swift */; };
/* End PBXBuildFile section */

/* Begin PBXFileReference section */
		8B4649C72AB1AB520081C7F2 /* DeleteButtonView.swift */ = {isa = PBXFileReference; lastKnownFileType = sourcecode.swift; path = DeleteButtonView.swift; sourceTree = "<group>"; };
		8B4649C92AB1CB1F0081C7F2 /* AddRecordView.swift */ = {isa = PBXFileReference; lastKnownFileType = sourcecode.swift; path = AddRecordView.swift; sourceTree = "<group>"; };
		8B7E7C812AB0945B00E985F0 /* iHabit.app */ = {isa = PBXFileReference; explicitFileType = wrapper.application; includeInIndex = 0; path = iHabit.app; sourceTree = BUILT_PRODUCTS_DIR; };
		8B7E7C842AB0945B00E985F0 /* iHabitApp.swift */ = {isa = PBXFileReference; lastKnownFileType = sourcecode.swift; path = iHabitApp.swift; sourceTree = "<group>"; };
		8B7E7C862AB0945B00E985F0 /* ContentView.swift */ = {isa = PBXFileReference; lastKnownFileType = sourcecode.swift; path = ContentView.swift; sourceTree = "<group>"; };
		8B7E7C882AB0945C00E985F0 /* Assets.xcassets */ = {isa = PBXFileReference; lastKnownFileType = folder.assetcatalog; path = Assets.xcassets; sourceTree = "<group>"; };
		8B7E7C8B2AB0945C00E985F0 /* Preview Assets.xcassets */ = {isa = PBXFileReference; lastKnownFileType = folder.assetcatalog; path = "Preview Assets.xcassets"; sourceTree = "<group>"; };
		8B7E7C932AB094F200E985F0 /* Activity.swift */ = {isa = PBXFileReference; lastKnownFileType = sourcecode.swift; path = Activity.swift; sourceTree = "<group>"; };
		8B7E7C952AB095F300E985F0 /* Activities.swift */ = {isa = PBXFileReference; lastKnownFileType = sourcecode.swift; path = Activities.swift; sourceTree = "<group>"; };
		8B7E7C972AB0980000E985F0 /* ActivityRecord.swift */ = {isa = PBXFileReference; lastKnownFileType = sourcecode.swift; path = ActivityRecord.swift; sourceTree = "<group>"; };
		8B7E7C9A2AB0A2C600E985F0 /* AddActivityView.swift */ = {isa = PBXFileReference; lastKnownFileType = sourcecode.swift; path = AddActivityView.swift; sourceTree = "<group>"; };
		8B7E7C9C2AB0A5A900E985F0 /* ActivitiesListView.swift */ = {isa = PBXFileReference; lastKnownFileType = sourcecode.swift; path = ActivitiesListView.swift; sourceTree = "<group>"; };
		8B7E7C9E2AB0ABB100E985F0 /* ActivityView.swift */ = {isa = PBXFileReference; lastKnownFileType = sourcecode.swift; path = ActivityView.swift; sourceTree = "<group>"; };
/* End PBXFileReference section */

/* Begin PBXFrameworksBuildPhase section */
		8B7E7C7E2AB0945A00E985F0 /* Frameworks */ = {
			isa = PBXFrameworksBuildPhase;
			buildActionMask = 2147483647;
			files = (
			);
			runOnlyForDeploymentPostprocessing = 0;
		};
/* End PBXFrameworksBuildPhase section */

/* Begin PBXGroup section */
		8B7E7C782AB0945A00E985F0 = {
			isa = PBXGroup;
			children = (
				8B7E7C832AB0945B00E985F0 /* iHabit */,
				8B7E7C822AB0945B00E985F0 /* Products */,
			);
			sourceTree = "<group>";
		};
		8B7E7C822AB0945B00E985F0 /* Products */ = {
			isa = PBXGroup;
			children = (
				8B7E7C812AB0945B00E985F0 /* iHabit.app */,
			);
			name = Products;
			sourceTree = "<group>";
		};
		8B7E7C832AB0945B00E985F0 /* iHabit */ = {
			isa = PBXGroup;
			children = (
				8B7E7C992AB0A2B500E985F0 /* views */,
				8B7E7C922AB094D800E985F0 /* entities */,
				8B7E7C842AB0945B00E985F0 /* iHabitApp.swift */,
				8B7E7C862AB0945B00E985F0 /* ContentView.swift */,
				8B7E7C882AB0945C00E985F0 /* Assets.xcassets */,
				8B7E7C8A2AB0945C00E985F0 /* Preview Content */,
			);
			path = iHabit;
			sourceTree = "<group>";
		};
		8B7E7C8A2AB0945C00E985F0 /* Preview Content */ = {
			isa = PBXGroup;
			children = (
				8B7E7C8B2AB0945C00E985F0 /* Preview Assets.xcassets */,
			);
			path = "Preview Content";
			sourceTree = "<group>";
		};
		8B7E7C922AB094D800E985F0 /* entities */ = {
			isa = PBXGroup;
			children = (
				8B7E7C932AB094F200E985F0 /* Activity.swift */,
				8B7E7C952AB095F300E985F0 /* Activities.swift */,
				8B7E7C972AB0980000E985F0 /* ActivityRecord.swift */,
			);
			path = entities;
			sourceTree = "<group>";
		};
		8B7E7C992AB0A2B500E985F0 /* views */ = {
			isa = PBXGroup;
			children = (
				8B7E7C9A2AB0A2C600E985F0 /* AddActivityView.swift */,
				8B7E7C9C2AB0A5A900E985F0 /* ActivitiesListView.swift */,
				8B7E7C9E2AB0ABB100E985F0 /* ActivityView.swift */,
				8B4649C72AB1AB520081C7F2 /* DeleteButtonView.swift */,
				8B4649C92AB1CB1F0081C7F2 /* AddRecordView.swift */,
			);
			path = views;
			sourceTree = "<group>";
		};
/* End PBXGroup section */

/* Begin PBXNativeTarget section */
		8B7E7C802AB0945A00E985F0 /* iHabit */ = {
			isa = PBXNativeTarget;
			buildConfigurationList = 8B7E7C8F2AB0945C00E985F0 /* Build configuration list for PBXNativeTarget "iHabit" */;
			buildPhases = (
				8B7E7C7D2AB0945A00E985F0 /* Sources */,
				8B7E7C7E2AB0945A00E985F0 /* Frameworks */,
				8B7E7C7F2AB0945A00E985F0 /* Resources */,
			);
			buildRules = (
			);
			dependencies = (
			);
			name = iHabit;
			productName = iHabit;
			productReference = 8B7E7C812AB0945B00E985F0 /* iHabit.app */;
			productType = "com.apple.product-type.application";
		};
/* End PBXNativeTarget section */

/* Begin PBXProject section */
		8B7E7C792AB0945A00E985F0 /* Project object */ = {
			isa = PBXProject;
			attributes = {
				BuildIndependentTargetsInParallel = 1;
				LastSwiftUpdateCheck = 1430;
				LastUpgradeCheck = 1430;
				TargetAttributes = {
					8B7E7C802AB0945A00E985F0 = {
						CreatedOnToolsVersion = 14.3.1;
					};
				};
			};
			buildConfigurationList = 8B7E7C7C2AB0945A00E985F0 /* Build configuration list for PBXProject "iHabit" */;
			compatibilityVersion = "Xcode 14.0";
			developmentRegion = en;
			hasScannedForEncodings = 0;
			knownRegions = (
				en,
				Base,
			);
			mainGroup = 8B7E7C782AB0945A00E985F0;
			productRefGroup = 8B7E7C822AB0945B00E985F0 /* Products */;
			projectDirPath = "";
			projectRoot = "";
			targets = (
				8B7E7C802AB0945A00E985F0 /* iHabit */,
			);
		};
/* End PBXProject section */

/* Begin PBXResourcesBuildPhase section */
		8B7E7C7F2AB0945A00E985F0 /* Resources */ = {
			isa = PBXResourcesBuildPhase;
			buildActionMask = 2147483647;
			files = (
				8B7E7C8C2AB0945C00E985F0 /* Preview Assets.xcassets in Resources */,
				8B7E7C892AB0945C00E985F0 /* Assets.xcassets in Resources */,
			);
			runOnlyForDeploymentPostprocessing = 0;
		};
/* End PBXResourcesBuildPhase section */

/* Begin PBXSourcesBuildPhase section */
		8B7E7C7D2AB0945A00E985F0 /* Sources */ = {
			isa = PBXSourcesBuildPhase;
			buildActionMask = 2147483647;
			files = (
				8B7E7C962AB095F300E985F0 /* Activities.swift in Sources */,
				8B7E7C942AB094F200E985F0 /* Activity.swift in Sources */,
				8B7E7C872AB0945B00E985F0 /* ContentView.swift in Sources */,
				8B7E7C9D2AB0A5A900E985F0 /* ActivitiesListView.swift in Sources */,
				8B7E7C9B2AB0A2C600E985F0 /* AddActivityView.swift in Sources */,
				8B4649CA2AB1CB1F0081C7F2 /* AddRecordView.swift in Sources */,
				8B4649C82AB1AB520081C7F2 /* DeleteButtonView.swift in Sources */,
				8B7E7C9F2AB0ABB100E985F0 /* ActivityView.swift in Sources */,
				8B7E7C982AB0980000E985F0 /* ActivityRecord.swift in Sources */,
				8B7E7C852AB0945B00E985F0 /* iHabitApp.swift in Sources */,
			);
			runOnlyForDeploymentPostprocessing = 0;
		};
/* End PBXSourcesBuildPhase section */

/* Begin XCBuildConfiguration section */
		8B7E7C8D2AB0945C00E985F0 /* Debug */ = {
			isa = XCBuildConfiguration;
			buildSettings = {
				ALWAYS_SEARCH_USER_PATHS = NO;
				CLANG_ANALYZER_NONNULL = YES;
				CLANG_ANALYZER_NUMBER_OBJECT_CONVERSION = YES_AGGRESSIVE;
				CLANG_CXX_LANGUAGE_STANDARD = "gnu++20";
				CLANG_ENABLE_MODULES = YES;
				CLANG_ENABLE_OBJC_ARC = YES;
				CLANG_ENABLE_OBJC_WEAK = YES;
				CLANG_WARN_BLOCK_CAPTURE_AUTORELEASING = YES;
				CLANG_WARN_BOOL_CONVERSION = YES;
				CLANG_WARN_COMMA = YES;
				CLANG_WARN_CONSTANT_CONVERSION = YES;
				CLANG_WARN_DEPRECATED_OBJC_IMPLEMENTATIONS = YES;
				CLANG_WARN_DIRECT_OBJC_ISA_USAGE = YES_ERROR;
				CLANG_WARN_DOCUMENTATION_COMMENTS = YES;
				CLANG_WARN_EMPTY_BODY = YES;
				CLANG_WARN_ENUM_CONVERSION = YES;
				CLANG_WARN_INFINITE_RECURSION = YES;
				CLANG_WARN_INT_CONVERSION = YES;
				CLANG_WARN_NON_LITERAL_NULL_CONVERSION = YES;
				CLANG_WARN_OBJC_IMPLICIT_RETAIN_SELF = YES;
				CLANG_WARN_OBJC_LITERAL_CONVERSION = YES;
				CLANG_WARN_OBJC_ROOT_CLASS = YES_ERROR;
				CLANG_WARN_QUOTED_INCLUDE_IN_FRAMEWORK_HEADER = YES;
				CLANG_WARN_RANGE_LOOP_ANALYSIS = YES;
				CLANG_WARN_STRICT_PROTOTYPES = YES;
				CLANG_WARN_SUSPICIOUS_MOVE = YES;
				CLANG_WARN_UNGUARDED_AVAILABILITY = YES_AGGRESSIVE;
				CLANG_WARN_UNREACHABLE_CODE = YES;
				CLANG_WARN__DUPLICATE_METHOD_MATCH = YES;
				COPY_PHASE_STRIP = NO;
				DEBUG_INFORMATION_FORMAT = dwarf;
				ENABLE_STRICT_OBJC_MSGSEND = YES;
				ENABLE_TESTABILITY = YES;
				GCC_C_LANGUAGE_STANDARD = gnu11;
				GCC_DYNAMIC_NO_PIC = NO;
				GCC_NO_COMMON_BLOCKS = YES;
				GCC_OPTIMIZATION_LEVEL = 0;
				GCC_PREPROCESSOR_DEFINITIONS = (
					"DEBUG=1",
					"$(inherited)",
				);
				GCC_WARN_64_TO_32_BIT_CONVERSION = YES;
				GCC_WARN_ABOUT_RETURN_TYPE = YES_ERROR;
				GCC_WARN_UNDECLARED_SELECTOR = YES;
				GCC_WARN_UNINITIALIZED_AUTOS = YES_AGGRESSIVE;
				GCC_WARN_UNUSED_FUNCTION = YES;
				GCC_WARN_UNUSED_VARIABLE = YES;
				IPHONEOS_DEPLOYMENT_TARGET = 16.4;
				MTL_ENABLE_DEBUG_INFO = INCLUDE_SOURCE;
				MTL_FAST_MATH = YES;
				ONLY_ACTIVE_ARCH = YES;
				SDKROOT = iphoneos;
				SWIFT_ACTIVE_COMPILATION_CONDITIONS = DEBUG;
				SWIFT_OPTIMIZATION_LEVEL = "-Onone";
			};
			name = Debug;
		};
		8B7E7C8E2AB0945C00E985F0 /* Release */ = {
			isa = XCBuildConfiguration;
			buildSettings = {
				ALWAYS_SEARCH_USER_PATHS = NO;
				CLANG_ANALYZER_NONNULL = YES;
				CLANG_ANALYZER_NUMBER_OBJECT_CONVERSION = YES_AGGRESSIVE;
				CLANG_CXX_LANGUAGE_STANDARD = "gnu++20";
				CLANG_ENABLE_MODULES = YES;
				CLANG_ENABLE_OBJC_ARC = YES;
				CLANG_ENABLE_OBJC_WEAK = YES;
				CLANG_WARN_BLOCK_CAPTURE_AUTORELEASING = YES;
				CLANG_WARN_BOOL_CONVERSION = YES;
				CLANG_WARN_COMMA = YES;
				CLANG_WARN_CONSTANT_CONVERSION = YES;
				CLANG_WARN_DEPRECATED_OBJC_IMPLEMENTATIONS = YES;
				CLANG_WARN_DIRECT_OBJC_ISA_USAGE = YES_ERROR;
				CLANG_WARN_DOCUMENTATION_COMMENTS = YES;
				CLANG_WARN_EMPTY_BODY = YES;
				CLANG_WARN_ENUM_CONVERSION = YES;
				CLANG_WARN_INFINITE_RECURSION = YES;
				CLANG_WARN_INT_CONVERSION = YES;
				CLANG_WARN_NON_LITERAL_NULL_CONVERSION = YES;
				CLANG_WARN_OBJC_IMPLICIT_RETAIN_SELF = YES;
				CLANG_WARN_OBJC_LITERAL_CONVERSION = YES;
				CLANG_WARN_OBJC_ROOT_CLASS = YES_ERROR;
				CLANG_WARN_QUOTED_INCLUDE_IN_FRAMEWORK_HEADER = YES;
				CLANG_WARN_RANGE_LOOP_ANALYSIS = YES;
				CLANG_WARN_STRICT_PROTOTYPES = YES;
				CLANG_WARN_SUSPICIOUS_MOVE = YES;
				CLANG_WARN_UNGUARDED_AVAILABILITY = YES_AGGRESSIVE;
				CLANG_WARN_UNREACHABLE_CODE = YES;
				CLANG_WARN__DUPLICATE_METHOD_MATCH = YES;
				COPY_PHASE_STRIP = NO;
				DEBUG_INFORMATION_FORMAT = "dwarf-with-dsym";
				ENABLE_NS_ASSERTIONS = NO;
				ENABLE_STRICT_OBJC_MSGSEND = YES;
				GCC_C_LANGUAGE_STANDARD = gnu11;
				GCC_NO_COMMON_BLOCKS = YES;
				GCC_WARN_64_TO_32_BIT_CONVERSION = YES;
				GCC_WARN_ABOUT_RETURN_TYPE = YES_ERROR;
				GCC_WARN_UNDECLARED_SELECTOR = YES;
				GCC_WARN_UNINITIALIZED_AUTOS = YES_AGGRESSIVE;
				GCC_WARN_UNUSED_FUNCTION = YES;
				GCC_WARN_UNUSED_VARIABLE = YES;
				IPHONEOS_DEPLOYMENT_TARGET = 16.4;
				MTL_ENABLE_DEBUG_INFO = NO;
				MTL_FAST_MATH = YES;
				SDKROOT = iphoneos;
				SWIFT_COMPILATION_MODE = wholemodule;
				SWIFT_OPTIMIZATION_LEVEL = "-O";
				VALIDATE_PRODUCT = YES;
			};
			name = Release;
		};
		8B7E7C902AB0945C00E985F0 /* Debug */ = {
			isa = XCBuildConfiguration;
			buildSettings = {
				ASSETCATALOG_COMPILER_APPICON_NAME = AppIcon;
				ASSETCATALOG_COMPILER_GLOBAL_ACCENT_COLOR_NAME = AccentColor;
				CODE_SIGN_STYLE = Automatic;
				CURRENT_PROJECT_VERSION = 1;
				DEVELOPMENT_ASSET_PATHS = "\"iHabit/Preview Content\"";
				ENABLE_PREVIEWS = YES;
				GENERATE_INFOPLIST_FILE = YES;
				INFOPLIST_KEY_UIApplicationSceneManifest_Generation = YES;
				INFOPLIST_KEY_UIApplicationSupportsIndirectInputEvents = YES;
				INFOPLIST_KEY_UILaunchScreen_Generation = YES;
				INFOPLIST_KEY_UISupportedInterfaceOrientations_iPad = "UIInterfaceOrientationPortrait UIInterfaceOrientationPortraitUpsideDown UIInterfaceOrientationLandscapeLeft UIInterfaceOrientationLandscapeRight";
				INFOPLIST_KEY_UISupportedInterfaceOrientations_iPhone = "UIInterfaceOrientationPortrait UIInterfaceOrientationLandscapeLeft UIInterfaceOrientationLandscapeRight";
				LD_RUNPATH_SEARCH_PATHS = (
					"$(inherited)",
					"@executable_path/Frameworks",
				);
				MARKETING_VERSION = 1.0;
				PRODUCT_BUNDLE_IDENTIFIER = me.gwyn.iHabit;
				PRODUCT_NAME = "$(TARGET_NAME)";
				SWIFT_EMIT_LOC_STRINGS = YES;
				SWIFT_VERSION = 5.0;
				TARGETED_DEVICE_FAMILY = "1,2";
			};
			name = Debug;
		};
		8B7E7C912AB0945C00E985F0 /* Release */ = {
			isa = XCBuildConfiguration;
			buildSettings = {
				ASSETCATALOG_COMPILER_APPICON_NAME = AppIcon;
				ASSETCATALOG_COMPILER_GLOBAL_ACCENT_COLOR_NAME = AccentColor;
				CODE_SIGN_STYLE = Automatic;
				CURRENT_PROJECT_VERSION = 1;
				DEVELOPMENT_ASSET_PATHS = "\"iHabit/Preview Content\"";
				ENABLE_PREVIEWS = YES;
				GENERATE_INFOPLIST_FILE = YES;
				INFOPLIST_KEY_UIApplicationSceneManifest_Generation = YES;
				INFOPLIST_KEY_UIApplicationSupportsIndirectInputEvents = YES;
				INFOPLIST_KEY_UILaunchScreen_Generation = YES;
				INFOPLIST_KEY_UISupportedInterfaceOrientations_iPad = "UIInterfaceOrientationPortrait UIInterfaceOrientationPortraitUpsideDown UIInterfaceOrientationLandscapeLeft UIInterfaceOrientationLandscapeRight";
				INFOPLIST_KEY_UISupportedInterfaceOrientations_iPhone = "UIInterfaceOrientationPortrait UIInterfaceOrientationLandscapeLeft UIInterfaceOrientationLandscapeRight";
				LD_RUNPATH_SEARCH_PATHS = (
					"$(inherited)",
					"@executable_path/Frameworks",
				);
				MARKETING_VERSION = 1.0;
				PRODUCT_BUNDLE_IDENTIFIER = me.gwyn.iHabit;
				PRODUCT_NAME = "$(TARGET_NAME)";
				SWIFT_EMIT_LOC_STRINGS = YES;
				SWIFT_VERSION = 5.0;
				TARGETED_DEVICE_FAMILY = "1,2";
			};
			name = Release;
		};
/* End XCBuildConfiguration section */

/* Begin XCConfigurationList section */
		8B7E7C7C2AB0945A00E985F0 /* Build configuration list for PBXProject "iHabit" */ = {
			isa = XCConfigurationList;
			buildConfigurations = (
				8B7E7C8D2AB0945C00E985F0 /* Debug */,
				8B7E7C8E2AB0945C00E985F0 /* Release */,
			);
			defaultConfigurationIsVisible = 0;
			defaultConfigurationName = Release;
		};
		8B7E7C8F2AB0945C00E985F0 /* Build configuration list for PBXNativeTarget "iHabit" */ = {
			isa = XCConfigurationList;
			buildConfigurations = (
				8B7E7C902AB0945C00E985F0 /* Debug */,
				8B7E7C912AB0945C00E985F0 /* Release */,
			);
			defaultConfigurationIsVisible = 0;
			defaultConfigurationName = Release;
		};
/* End XCConfigurationList section */
	};
	rootObject = 8B7E7C792AB0945A00E985F0 /* Project object */;
}
